// !$*UTF8*$!
{
	archiveVersion = 1;
	classes = {
	};
	objectVersion = 48;
	objects = {

/* Begin PBXBuildFile section */
		5C3D430720086056009855DF /* AppDelegate.swift in Sources */ = {isa = PBXBuildFile; fileRef = 5C3D430620086056009855DF /* AppDelegate.swift */; };
		5C3D430920086056009855DF /* ViewController.swift in Sources */ = {isa = PBXBuildFile; fileRef = 5C3D430820086056009855DF /* ViewController.swift */; };
		5C3D430C20086056009855DF /* Main.storyboard in Resources */ = {isa = PBXBuildFile; fileRef = 5C3D430A20086056009855DF /* Main.storyboard */; };
		5C3D430E20086056009855DF /* Assets.xcassets in Resources */ = {isa = PBXBuildFile; fileRef = 5C3D430D20086056009855DF /* Assets.xcassets */; };
		5C3D431120086056009855DF /* LaunchScreen.storyboard in Resources */ = {isa = PBXBuildFile; fileRef = 5C3D430F20086056009855DF /* LaunchScreen.storyboard */; };
		5C3D431C20086056009855DF /* UsingFileXibTests.swift in Sources */ = {isa = PBXBuildFile; fileRef = 5C3D431B20086056009855DF /* UsingFileXibTests.swift */; };
		5C3D432720086056009855DF /* UsingFileXibUITests.swift in Sources */ = {isa = PBXBuildFile; fileRef = 5C3D432620086056009855DF /* UsingFileXibUITests.swift */; };
		5C3D433520086093009855DF /* TestView.xib in Resources */ = {isa = PBXBuildFile; fileRef = 5C3D433420086093009855DF /* TestView.xib */; };
		5C3D43372008613B009855DF /* TestView.swift in Sources */ = {isa = PBXBuildFile; fileRef = 5C3D43362008613B009855DF /* TestView.swift */; };
/* End PBXBuildFile section */

/* Begin PBXContainerItemProxy section */
		5C3D431820086056009855DF /* PBXContainerItemProxy */ = {
			isa = PBXContainerItemProxy;
			containerPortal = 5C3D42FB20086055009855DF /* Project object */;
			proxyType = 1;
			remoteGlobalIDString = 5C3D430220086055009855DF;
			remoteInfo = UsingFileXib;
		};
		5C3D432320086056009855DF /* PBXContainerItemProxy */ = {
			isa = PBXContainerItemProxy;
			containerPortal = 5C3D42FB20086055009855DF /* Project object */;
			proxyType = 1;
			remoteGlobalIDString = 5C3D430220086055009855DF;
			remoteInfo = UsingFileXib;
		};
/* End PBXContainerItemProxy section */

/* Begin PBXFileReference section */
		5C3D430320086056009855DF /* UsingFileXib.app */ = {isa = PBXFileReference; explicitFileType = wrapper.application; includeInIndex = 0; path = UsingFileXib.app; sourceTree = BUILT_PRODUCTS_DIR; };
		5C3D430620086056009855DF /* AppDelegate.swift */ = {isa = PBXFileReference; lastKnownFileType = sourcecode.swift; path = AppDelegate.swift; sourceTree = "<group>"; };
		5C3D430820086056009855DF /* ViewController.swift */ = {isa = PBXFileReference; lastKnownFileType = sourcecode.swift; path = ViewController.swift; sourceTree = "<group>"; };
		5C3D430B20086056009855DF /* Base */ = {isa = PBXFileReference; lastKnownFileType = file.storyboard; name = Base; path = Base.lproj/Main.storyboard; sourceTree = "<group>"; };
		5C3D430D20086056009855DF /* Assets.xcassets */ = {isa = PBXFileReference; lastKnownFileType = folder.assetcatalog; path = Assets.xcassets; sourceTree = "<group>"; };
		5C3D431020086056009855DF /* Base */ = {isa = PBXFileReference; lastKnownFileType = file.storyboard; name = Base; path = Base.lproj/LaunchScreen.storyboard; sourceTree = "<group>"; };
		5C3D431220086056009855DF /* Info.plist */ = {isa = PBXFileReference; lastKnownFileType = text.plist.xml; path = Info.plist; sourceTree = "<group>"; };
		5C3D431720086056009855DF /* UsingFileXibTests.xctest */ = {isa = PBXFileReference; explicitFileType = wrapper.cfbundle; includeInIndex = 0; path = UsingFileXibTests.xctest; sourceTree = BUILT_PRODUCTS_DIR; };
		5C3D431B20086056009855DF /* UsingFileXibTests.swift */ = {isa = PBXFileReference; lastKnownFileType = sourcecode.swift; path = UsingFileXibTests.swift; sourceTree = "<group>"; };
		5C3D431D20086056009855DF /* Info.plist */ = {isa = PBXFileReference; lastKnownFileType = text.plist.xml; path = Info.plist; sourceTree = "<group>"; };
		5C3D432220086056009855DF /* UsingFileXibUITests.xctest */ = {isa = PBXFileReference; explicitFileType = wrapper.cfbundle; includeInIndex = 0; path = UsingFileXibUITests.xctest; sourceTree = BUILT_PRODUCTS_DIR; };
		5C3D432620086056009855DF /* UsingFileXibUITests.swift */ = {isa = PBXFileReference; lastKnownFileType = sourcecode.swift; path = UsingFileXibUITests.swift; sourceTree = "<group>"; };
		5C3D432820086056009855DF /* Info.plist */ = {isa = PBXFileReference; lastKnownFileType = text.plist.xml; path = Info.plist; sourceTree = "<group>"; };
		5C3D433420086093009855DF /* TestView.xib */ = {isa = PBXFileReference; lastKnownFileType = file.xib; path = TestView.xib; sourceTree = "<group>"; };
		5C3D43362008613B009855DF /* TestView.swift */ = {isa = PBXFileReference; lastKnownFileType = sourcecode.swift; path = TestView.swift; sourceTree = "<group>"; };
/* End PBXFileReference section */

/* Begin PBXFrameworksBuildPhase section */
		5C3D430020086055009855DF /* Frameworks */ = {
			isa = PBXFrameworksBuildPhase;
			buildActionMask = 2147483647;
			files = (
			);
			runOnlyForDeploymentPostprocessing = 0;
		};
		5C3D431420086056009855DF /* Frameworks */ = {
			isa = PBXFrameworksBuildPhase;
			buildActionMask = 2147483647;
			files = (
			);
			runOnlyForDeploymentPostprocessing = 0;
		};
		5C3D431F20086056009855DF /* Frameworks */ = {
			isa = PBXFrameworksBuildPhase;
			buildActionMask = 2147483647;
			files = (
			);
			runOnlyForDeploymentPostprocessing = 0;
		};
/* End PBXFrameworksBuildPhase section */

/* Begin PBXGroup section */
		5C3D42FA20086055009855DF = {
			isa = PBXGroup;
			children = (
				5C3D430520086056009855DF /* UsingFileXib */,
				5C3D431A20086056009855DF /* UsingFileXibTests */,
				5C3D432520086056009855DF /* UsingFileXibUITests */,
				5C3D430420086056009855DF /* Products */,
			);
			sourceTree = "<group>";
		};
		5C3D430420086056009855DF /* Products */ = {
			isa = PBXGroup;
			children = (
				5C3D430320086056009855DF /* UsingFileXib.app */,
				5C3D431720086056009855DF /* UsingFileXibTests.xctest */,
				5C3D432220086056009855DF /* UsingFileXibUITests.xctest */,
			);
			name = Products;
			sourceTree = "<group>";
		};
		5C3D430520086056009855DF /* UsingFileXib */ = {
			isa = PBXGroup;
			children = (
				5C3D430620086056009855DF /* AppDelegate.swift */,
				5C3D430820086056009855DF /* ViewController.swift */,
				5C3D430A20086056009855DF /* Main.storyboard */,
				5C3D430D20086056009855DF /* Assets.xcassets */,
				5C3D430F20086056009855DF /* LaunchScreen.storyboard */,
				5C3D431220086056009855DF /* Info.plist */,
				5C3D433420086093009855DF /* TestView.xib */,
				5C3D43362008613B009855DF /* TestView.swift */,
			);
			path = UsingFileXib;
			sourceTree = "<group>";
		};
		5C3D431A20086056009855DF /* UsingFileXibTests */ = {
			isa = PBXGroup;
			children = (
				5C3D431B20086056009855DF /* UsingFileXibTests.swift */,
				5C3D431D20086056009855DF /* Info.plist */,
			);
			path = UsingFileXibTests;
			sourceTree = "<group>";
		};
		5C3D432520086056009855DF /* UsingFileXibUITests */ = {
			isa = PBXGroup;
			children = (
				5C3D432620086056009855DF /* UsingFileXibUITests.swift */,
				5C3D432820086056009855DF /* Info.plist */,
			);
			path = UsingFileXibUITests;
			sourceTree = "<group>";
		};
/* End PBXGroup section */

/* Begin PBXNativeTarget section */
		5C3D430220086055009855DF /* UsingFileXib */ = {
			isa = PBXNativeTarget;
			buildConfigurationList = 5C3D432B20086056009855DF /* Build configuration list for PBXNativeTarget "UsingFileXib" */;
			buildPhases = (
				5C3D42FF20086055009855DF /* Sources */,
				5C3D430020086055009855DF /* Frameworks */,
				5C3D430120086055009855DF /* Resources */,
			);
			buildRules = (
			);
			dependencies = (
			);
			name = UsingFileXib;
			productName = UsingFileXib;
			productReference = 5C3D430320086056009855DF /* UsingFileXib.app */;
			productType = "com.apple.product-type.application";
		};
		5C3D431620086056009855DF /* UsingFileXibTests */ = {
			isa = PBXNativeTarget;
			buildConfigurationList = 5C3D432E20086056009855DF /* Build configuration list for PBXNativeTarget "UsingFileXibTests" */;
			buildPhases = (
				5C3D431320086056009855DF /* Sources */,
				5C3D431420086056009855DF /* Frameworks */,
				5C3D431520086056009855DF /* Resources */,
			);
			buildRules = (
			);
			dependencies = (
				5C3D431920086056009855DF /* PBXTargetDependency */,
			);
			name = UsingFileXibTests;
			productName = UsingFileXibTests;
			productReference = 5C3D431720086056009855DF /* UsingFileXibTests.xctest */;
			productType = "com.apple.product-type.bundle.unit-test";
		};
		5C3D432120086056009855DF /* UsingFileXibUITests */ = {
			isa = PBXNativeTarget;
			buildConfigurationList = 5C3D433120086056009855DF /* Build configuration list for PBXNativeTarget "UsingFileXibUITests" */;
			buildPhases = (
				5C3D431E20086056009855DF /* Sources */,
				5C3D431F20086056009855DF /* Frameworks */,
				5C3D432020086056009855DF /* Resources */,
			);
			buildRules = (
			);
			dependencies = (
				5C3D432420086056009855DF /* PBXTargetDependency */,
			);
			name = UsingFileXibUITests;
			productName = UsingFileXibUITests;
			productReference = 5C3D432220086056009855DF /* UsingFileXibUITests.xctest */;
			productType = "com.apple.product-type.bundle.ui-testing";
		};
/* End PBXNativeTarget section */

/* Begin PBXProject section */
		5C3D42FB20086055009855DF /* Project object */ = {
			isa = PBXProject;
			attributes = {
				LastSwiftUpdateCheck = 0900;
				LastUpgradeCheck = 0900;
				ORGANIZATIONNAME = NguyenCuong;
				TargetAttributes = {
					5C3D430220086055009855DF = {
						CreatedOnToolsVersion = 9.0;
					};
					5C3D431620086056009855DF = {
						CreatedOnToolsVersion = 9.0;
						TestTargetID = 5C3D430220086055009855DF;
					};
					5C3D432120086056009855DF = {
						CreatedOnToolsVersion = 9.0;
						TestTargetID = 5C3D430220086055009855DF;
					};
				};
			};
			buildConfigurationList = 5C3D42FE20086055009855DF /* Build configuration list for PBXProject "UsingFileXib" */;
			compatibilityVersion = "Xcode 8.0";
			developmentRegion = en;
			hasScannedForEncodings = 0;
			knownRegions = (
				en,
				Base,
			);
			mainGroup = 5C3D42FA20086055009855DF;
			productRefGroup = 5C3D430420086056009855DF /* Products */;
			projectDirPath = "";
			projectRoot = "";
			targets = (
				5C3D430220086055009855DF /* UsingFileXib */,
				5C3D431620086056009855DF /* UsingFileXibTests */,
				5C3D432120086056009855DF /* UsingFileXibUITests */,
			);
		};
/* End PBXProject section */

/* Begin PBXResourcesBuildPhase section */
		5C3D430120086055009855DF /* Resources */ = {
			isa = PBXResourcesBuildPhase;
			buildActionMask = 2147483647;
			files = (
				5C3D433520086093009855DF /* TestView.xib in Resources */,
				5C3D431120086056009855DF /* LaunchScreen.storyboard in Resources */,
				5C3D430E20086056009855DF /* Assets.xcassets in Resources */,
				5C3D430C20086056009855DF /* Main.storyboard in Resources */,
			);
			runOnlyForDeploymentPostprocessing = 0;
		};
		5C3D431520086056009855DF /* Resources */ = {
			isa = PBXResourcesBuildPhase;
			buildActionMask = 2147483647;
			files = (
			);
			runOnlyForDeploymentPostprocessing = 0;
		};
		5C3D432020086056009855DF /* Resources */ = {
			isa = PBXResourcesBuildPhase;
			buildActionMask = 2147483647;
			files = (
			);
			runOnlyForDeploymentPostprocessing = 0;
		};
/* End PBXResourcesBuildPhase section */

/* Begin PBXSourcesBuildPhase section */
		5C3D42FF20086055009855DF /* Sources */ = {
			isa = PBXSourcesBuildPhase;
			buildActionMask = 2147483647;
			files = (
				5C3D43372008613B009855DF /* TestView.swift in Sources */,
				5C3D430920086056009855DF /* ViewController.swift in Sources */,
				5C3D430720086056009855DF /* AppDelegate.swift in Sources */,
			);
			runOnlyForDeploymentPostprocessing = 0;
		};
		5C3D431320086056009855DF /* Sources */ = {
			isa = PBXSourcesBuildPhase;
			buildActionMask = 2147483647;
			files = (
				5C3D431C20086056009855DF /* UsingFileXibTests.swift in Sources */,
			);
			runOnlyForDeploymentPostprocessing = 0;
		};
		5C3D431E20086056009855DF /* Sources */ = {
			isa = PBXSourcesBuildPhase;
			buildActionMask = 2147483647;
			files = (
				5C3D432720086056009855DF /* UsingFileXibUITests.swift in Sources */,
			);
			runOnlyForDeploymentPostprocessing = 0;
		};
/* End PBXSourcesBuildPhase section */

/* Begin PBXTargetDependency section */
		5C3D431920086056009855DF /* PBXTargetDependency */ = {
			isa = PBXTargetDependency;
			target = 5C3D430220086055009855DF /* UsingFileXib */;
			targetProxy = 5C3D431820086056009855DF /* PBXContainerItemProxy */;
		};
		5C3D432420086056009855DF /* PBXTargetDependency */ = {
			isa = PBXTargetDependency;
			target = 5C3D430220086055009855DF /* UsingFileXib */;
			targetProxy = 5C3D432320086056009855DF /* PBXContainerItemProxy */;
		};
/* End PBXTargetDependency section */

/* Begin PBXVariantGroup section */
		5C3D430A20086056009855DF /* Main.storyboard */ = {
			isa = PBXVariantGroup;
			children = (
				5C3D430B20086056009855DF /* Base */,
			);
			name = Main.storyboard;
			sourceTree = "<group>";
		};
		5C3D430F20086056009855DF /* LaunchScreen.storyboard */ = {
			isa = PBXVariantGroup;
			children = (
				5C3D431020086056009855DF /* Base */,
			);
			name = LaunchScreen.storyboard;
			sourceTree = "<group>";
		};
/* End PBXVariantGroup section */

/* Begin XCBuildConfiguration section */
		5C3D432920086056009855DF /* Debug */ = {
			isa = XCBuildConfiguration;
			buildSettings = {
				ALWAYS_SEARCH_USER_PATHS = NO;
				CLANG_ANALYZER_NONNULL = YES;
				CLANG_ANALYZER_NUMBER_OBJECT_CONVERSION = YES_AGGRESSIVE;
				CLANG_CXX_LANGUAGE_STANDARD = "gnu++14";
				CLANG_CXX_LIBRARY = "libc++";
				CLANG_ENABLE_MODULES = YES;
				CLANG_ENABLE_OBJC_ARC = YES;
				CLANG_WARN_BLOCK_CAPTURE_AUTORELEASING = YES;
				CLANG_WARN_BOOL_CONVERSION = YES;
				CLANG_WARN_COMMA = YES;
				CLANG_WARN_CONSTANT_CONVERSION = YES;
				CLANG_WARN_DIRECT_OBJC_ISA_USAGE = YES_ERROR;
				CLANG_WARN_DOCUMENTATION_COMMENTS = YES;
				CLANG_WARN_EMPTY_BODY = YES;
				CLANG_WARN_ENUM_CONVERSION = YES;
				CLANG_WARN_INFINITE_RECURSION = YES;
				CLANG_WARN_INT_CONVERSION = YES;
				CLANG_WARN_NON_LITERAL_NULL_CONVERSION = YES;
				CLANG_WARN_OBJC_LITERAL_CONVERSION = YES;
				CLANG_WARN_OBJC_ROOT_CLASS = YES_ERROR;
				CLANG_WARN_RANGE_LOOP_ANALYSIS = YES;
				CLANG_WARN_STRICT_PROTOTYPES = YES;
				CLANG_WARN_SUSPICIOUS_MOVE = YES;
				CLANG_WARN_UNGUARDED_AVAILABILITY = YES_AGGRESSIVE;
				CLANG_WARN_UNREACHABLE_CODE = YES;
				CLANG_WARN__DUPLICATE_METHOD_MATCH = YES;
				CODE_SIGN_IDENTITY = "iPhone Developer";
				COPY_PHASE_STRIP = NO;
				DEBUG_INFORMATION_FORMAT = dwarf;
				ENABLE_STRICT_OBJC_MSGSEND = YES;
				ENABLE_TESTABILITY = YES;
				GCC_C_LANGUAGE_STANDARD = gnu11;
				GCC_DYNAMIC_NO_PIC = NO;
				GCC_NO_COMMON_BLOCKS = YES;
				GCC_OPTIMIZATION_LEVEL = 0;
				GCC_PREPROCESSOR_DEFINITIONS = (
					"DEBUG=1",
					"$(inherited)",
				);
				GCC_WARN_64_TO_32_BIT_CONVERSION = YES;
				GCC_WARN_ABOUT_RETURN_TYPE = YES_ERROR;
				GCC_WARN_UNDECLARED_SELECTOR = YES;
				GCC_WARN_UNINITIALIZED_AUTOS = YES_AGGRESSIVE;
				GCC_WARN_UNUSED_FUNCTION = YES;
				GCC_WARN_UNUSED_VARIABLE = YES;
				IPHONEOS_DEPLOYMENT_TARGET = 11.0;
				MTL_ENABLE_DEBUG_INFO = YES;
				ONLY_ACTIVE_ARCH = YES;
				SDKROOT = iphoneos;
				SWIFT_ACTIVE_COMPILATION_CONDITIONS = DEBUG;
				SWIFT_OPTIMIZATION_LEVEL = "-Onone";
			};
			name = Debug;
		};
		5C3D432A20086056009855DF /* Release */ = {
			isa = XCBuildConfiguration;
			buildSettings = {
				ALWAYS_SEARCH_USER_PATHS = NO;
				CLANG_ANALYZER_NONNULL = YES;
				CLANG_ANALYZER_NUMBER_OBJECT_CONVERSION = YES_AGGRESSIVE;
				CLANG_CXX_LANGUAGE_STANDARD = "gnu++14";
				CLANG_CXX_LIBRARY = "libc++";
				CLANG_ENABLE_MODULES = YES;
				CLANG_ENABLE_OBJC_ARC = YES;
				CLANG_WARN_BLOCK_CAPTURE_AUTORELEASING = YES;
				CLANG_WARN_BOOL_CONVERSION = YES;
				CLANG_WARN_COMMA = YES;
				CLANG_WARN_CONSTANT_CONVERSION = YES;
				CLANG_WARN_DIRECT_OBJC_ISA_USAGE = YES_ERROR;
				CLANG_WARN_DOCUMENTATION_COMMENTS = YES;
				CLANG_WARN_EMPTY_BODY = YES;
				CLANG_WARN_ENUM_CONVERSION = YES;
				CLANG_WARN_INFINITE_RECURSION = YES;
				CLANG_WARN_INT_CONVERSION = YES;
				CLANG_WARN_NON_LITERAL_NULL_CONVERSION = YES;
				CLANG_WARN_OBJC_LITERAL_CONVERSION = YES;
				CLANG_WARN_OBJC_ROOT_CLASS = YES_ERROR;
				CLANG_WARN_RANGE_LOOP_ANALYSIS = YES;
				CLANG_WARN_STRICT_PROTOTYPES = YES;
				CLANG_WARN_SUSPICIOUS_MOVE = YES;
				CLANG_WARN_UNGUARDED_AVAILABILITY = YES_AGGRESSIVE;
				CLANG_WARN_UNREACHABLE_CODE = YES;
				CLANG_WARN__DUPLICATE_METHOD_MATCH = YES;
				CODE_SIGN_IDENTITY = "iPhone Developer";
				COPY_PHASE_STRIP = NO;
				DEBUG_INFORMATION_FORMAT = "dwarf-with-dsym";
				ENABLE_NS_ASSERTIONS = NO;
				ENABLE_STRICT_OBJC_MSGSEND = YES;
				GCC_C_LANGUAGE_STANDARD = gnu11;
				GCC_NO_COMMON_BLOCKS = YES;
				GCC_WARN_64_TO_32_BIT_CONVERSION = YES;
				GCC_WARN_ABOUT_RETURN_TYPE = YES_ERROR;
				GCC_WARN_UNDECLARED_SELECTOR = YES;
				GCC_WARN_UNINITIALIZED_AUTOS = YES_AGGRESSIVE;
				GCC_WARN_UNUSED_FUNCTION = YES;
				GCC_WARN_UNUSED_VARIABLE = YES;
				IPHONEOS_DEPLOYMENT_TARGET = 11.0;
				MTL_ENABLE_DEBUG_INFO = NO;
				SDKROOT = iphoneos;
				SWIFT_OPTIMIZATION_LEVEL = "-Owholemodule";
				VALIDATE_PRODUCT = YES;
			};
			name = Release;
		};
		5C3D432C20086056009855DF /* Debug */ = {
			isa = XCBuildConfiguration;
			buildSettings = {
				ASSETCATALOG_COMPILER_APPICON_NAME = AppIcon;
				INFOPLIST_FILE = UsingFileXib/Info.plist;
				LD_RUNPATH_SEARCH_PATHS = "$(inherited) @executable_path/Frameworks";
				PRODUCT_BUNDLE_IDENTIFIER = nguyencuong.UsingFileXib;
				PRODUCT_NAME = "$(TARGET_NAME)";
				SWIFT_VERSION = 4.0;
				TARGETED_DEVICE_FAMILY = "1,2";
			};
			name = Debug;
		};
		5C3D432D20086056009855DF /* Release */ = {
			isa = XCBuildConfiguration;
			buildSettings = {
				ASSETCATALOG_COMPILER_APPICON_NAME = AppIcon;
				INFOPLIST_FILE = UsingFileXib/Info.plist;
				LD_RUNPATH_SEARCH_PATHS = "$(inherited) @executable_path/Frameworks";
				PRODUCT_BUNDLE_IDENTIFIER = nguyencuong.UsingFileXib;
				PRODUCT_NAME = "$(TARGET_NAME)";
				SWIFT_VERSION = 4.0;
				TARGETED_DEVICE_FAMILY = "1,2";
			};
			name = Release;
		};
		5C3D432F20086056009855DF /* Debug */ = {
			isa = XCBuildConfiguration;
			buildSettings = {
				ALWAYS_EMBED_SWIFT_STANDARD_LIBRARIES = YES;
				BUNDLE_LOADER = "$(TEST_HOST)";
				INFOPLIST_FILE = UsingFileXibTests/Info.plist;
				LD_RUNPATH_SEARCH_PATHS = "$(inherited) @executable_path/Frameworks @loader_path/Frameworks";
				PRODUCT_BUNDLE_IDENTIFIER = nguyencuong.UsingFileXibTests;
				PRODUCT_NAME = "$(TARGET_NAME)";
				SWIFT_VERSION = 4.0;
				TARGETED_DEVICE_FAMILY = "1,2";
				TEST_HOST = "$(BUILT_PRODUCTS_DIR)/UsingFileXib.app/UsingFileXib";
			};
			name = Debug;
		};
		5C3D433020086056009855DF /* Release */ = {
			isa = XCBuildConfiguration;
			buildSettings = {
				ALWAYS_EMBED_SWIFT_STANDARD_LIBRARIES = YES;
				BUNDLE_LOADER = "$(TEST_HOST)";
				INFOPLIST_FILE = UsingFileXibTests/Info.plist;
				LD_RUNPATH_SEARCH_PATHS = "$(inherited) @executable_path/Frameworks @loader_path/Frameworks";
				PRODUCT_BUNDLE_IDENTIFIER = nguyencuong.UsingFileXibTests;
				PRODUCT_NAME = "$(TARGET_NAME)";
				SWIFT_VERSION = 4.0;
				TARGETED_DEVICE_FAMILY = "1,2";
				TEST_HOST = "$(BUILT_PRODUCTS_DIR)/UsingFileXib.app/UsingFileXib";
			};
			name = Release;
		};
		5C3D433220086056009855DF /* Debug */ = {
			isa = XCBuildConfiguration;
			buildSettings = {
				ALWAYS_EMBED_SWIFT_STANDARD_LIBRARIES = YES;
				INFOPLIST_FILE = UsingFileXibUITests/Info.plist;
				LD_RUNPATH_SEARCH_PATHS = "$(inherited) @executable_path/Frameworks @loader_path/Frameworks";
				PRODUCT_BUNDLE_IDENTIFIER = nguyencuong.UsingFileXibUITests;
				PRODUCT_NAME = "$(TARGET_NAME)";
				SWIFT_VERSION = 4.0;
				TARGETED_DEVICE_FAMILY = "1,2";
				TEST_TARGET_NAME = UsingFileXib;
			};
			name = Debug;
		};
		5C3D433320086056009855DF /* Release */ = {
			isa = XCBuildConfiguration;
			buildSettings = {
				ALWAYS_EMBED_SWIFT_STANDARD_LIBRARIES = YES;
				INFOPLIST_FILE = UsingFileXibUITests/Info.plist;
				LD_RUNPATH_SEARCH_PATHS = "$(inherited) @executable_path/Frameworks @loader_path/Frameworks";
				PRODUCT_BUNDLE_IDENTIFIER = nguyencuong.UsingFileXibUITests;
				PRODUCT_NAME = "$(TARGET_NAME)";
				SWIFT_VERSION = 4.0;
				TARGETED_DEVICE_FAMILY = "1,2";
				TEST_TARGET_NAME = UsingFileXib;
			};
			name = Release;
		};
/* End XCBuildConfiguration section */

/* Begin XCConfigurationList section */
		5C3D42FE20086055009855DF /* Build configuration list for PBXProject "UsingFileXib" */ = {
			isa = XCConfigurationList;
			buildConfigurations = (
				5C3D432920086056009855DF /* Debug */,
				5C3D432A20086056009855DF /* Release */,
			);
			defaultConfigurationIsVisible = 0;
			defaultConfigurationName = Release;
		};
		5C3D432B20086056009855DF /* Build configuration list for PBXNativeTarget "UsingFileXib" */ = {
			isa = XCConfigurationList;
			buildConfigurations = (
				5C3D432C20086056009855DF /* Debug */,
				5C3D432D20086056009855DF /* Release */,
			);
			defaultConfigurationIsVisible = 0;
		};
		5C3D432E20086056009855DF /* Build configuration list for PBXNativeTarget "UsingFileXibTests" */ = {
			isa = XCConfigurationList;
			buildConfigurations = (
				5C3D432F20086056009855DF /* Debug */,
				5C3D433020086056009855DF /* Release */,
			);
			defaultConfigurationIsVisible = 0;
		};
		5C3D433120086056009855DF /* Build configuration list for PBXNativeTarget "UsingFileXibUITests" */ = {
			isa = XCConfigurationList;
			buildConfigurations = (
				5C3D433220086056009855DF /* Debug */,
				5C3D433320086056009855DF /* Release */,
			);
			defaultConfigurationIsVisible = 0;
		};
/* End XCConfigurationList section */
	};
	rootObject = 5C3D42FB20086055009855DF /* Project object */;
}
